// !$*UTF8*$!
{
	archiveVersion = 1;
	classes = {
	};
	objectVersion = 48;
	objects = {

/* Begin PBXBuildFile section */
		635AF3601F281F0B0080AE83 /* AppDelegate.swift in Sources */ = {isa = PBXBuildFile; fileRef = 635AF35F1F281F0B0080AE83 /* AppDelegate.swift */; };
		635AF3621F281F0B0080AE83 /* MainViewController.swift in Sources */ = {isa = PBXBuildFile; fileRef = 635AF3611F281F0B0080AE83 /* MainViewController.swift */; };
		635AF3651F281F0B0080AE83 /* Main.storyboard in Resources */ = {isa = PBXBuildFile; fileRef = 635AF3631F281F0B0080AE83 /* Main.storyboard */; };
		635AF3671F281F0B0080AE83 /* Assets.xcassets in Resources */ = {isa = PBXBuildFile; fileRef = 635AF3661F281F0B0080AE83 /* Assets.xcassets */; };
		635AF36A1F281F0B0080AE83 /* LaunchScreen.storyboard in Resources */ = {isa = PBXBuildFile; fileRef = 635AF3681F281F0B0080AE83 /* LaunchScreen.storyboard */; };
		635AF3751F281F0B0080AE83 /* iNFCReaderTests.swift in Sources */ = {isa = PBXBuildFile; fileRef = 635AF3741F281F0B0080AE83 /* iNFCReaderTests.swift */; };
		635AF3801F281F0B0080AE83 /* iNFCReaderUITests.swift in Sources */ = {isa = PBXBuildFile; fileRef = 635AF37F1F281F0B0080AE83 /* iNFCReaderUITests.swift */; };
		637162EA1F282C0F008DB1BA /* IBCustomButton.swift in Sources */ = {isa = PBXBuildFile; fileRef = 637162E91F282C0F008DB1BA /* IBCustomButton.swift */; };
		637162EC1F283891008DB1BA /* NFCReaderViewController.swift in Sources */ = {isa = PBXBuildFile; fileRef = 637162EB1F283891008DB1BA /* NFCReaderViewController.swift */; };
		637162F11F2839F5008DB1BA /* NFCData.swift in Sources */ = {isa = PBXBuildFile; fileRef = 637162F01F2839F5008DB1BA /* NFCData.swift */; };
		63EFF06E1F2844E10002C3A0 /* NFC-logo-forum.jpg in Resources */ = {isa = PBXBuildFile; fileRef = 63EFF06D1F2844E10002C3A0 /* NFC-logo-forum.jpg */; };
		63EFF0701F285DA50002C3A0 /* define.swift in Sources */ = {isa = PBXBuildFile; fileRef = 63EFF06F1F285DA50002C3A0 /* define.swift */; };
		63EFF0721F2862D00002C3A0 /* BaseViewController.swift in Sources */ = {isa = PBXBuildFile; fileRef = 63EFF0711F2862D00002C3A0 /* BaseViewController.swift */; };
		63EFF0741F28684C0002C3A0 /* ViewControllerHelper.swift in Sources */ = {isa = PBXBuildFile; fileRef = 63EFF0731F28684B0002C3A0 /* ViewControllerHelper.swift */; };
/* End PBXBuildFile section */

/* Begin PBXContainerItemProxy section */
		635AF3711F281F0B0080AE83 /* PBXContainerItemProxy */ = {
			isa = PBXContainerItemProxy;
			containerPortal = 635AF3541F281F0B0080AE83 /* Project object */;
			proxyType = 1;
			remoteGlobalIDString = 635AF35B1F281F0B0080AE83;
			remoteInfo = iNFCReader;
		};
		635AF37C1F281F0B0080AE83 /* PBXContainerItemProxy */ = {
			isa = PBXContainerItemProxy;
			containerPortal = 635AF3541F281F0B0080AE83 /* Project object */;
			proxyType = 1;
			remoteGlobalIDString = 635AF35B1F281F0B0080AE83;
			remoteInfo = iNFCReader;
		};
/* End PBXContainerItemProxy section */

/* Begin PBXFileReference section */
		635AF35C1F281F0B0080AE83 /* iNFCReader.app */ = {isa = PBXFileReference; explicitFileType = wrapper.application; includeInIndex = 0; path = iNFCReader.app; sourceTree = BUILT_PRODUCTS_DIR; };
		635AF35F1F281F0B0080AE83 /* AppDelegate.swift */ = {isa = PBXFileReference; lastKnownFileType = sourcecode.swift; path = AppDelegate.swift; sourceTree = "<group>"; };
		635AF3611F281F0B0080AE83 /* MainViewController.swift */ = {isa = PBXFileReference; lastKnownFileType = sourcecode.swift; path = MainViewController.swift; sourceTree = "<group>"; };
		635AF3641F281F0B0080AE83 /* Base */ = {isa = PBXFileReference; lastKnownFileType = file.storyboard; name = Base; path = Base.lproj/Main.storyboard; sourceTree = "<group>"; };
		635AF3661F281F0B0080AE83 /* Assets.xcassets */ = {isa = PBXFileReference; lastKnownFileType = folder.assetcatalog; path = Assets.xcassets; sourceTree = "<group>"; };
		635AF3691F281F0B0080AE83 /* Base */ = {isa = PBXFileReference; lastKnownFileType = file.storyboard; name = Base; path = Base.lproj/LaunchScreen.storyboard; sourceTree = "<group>"; };
		635AF36B1F281F0B0080AE83 /* Info.plist */ = {isa = PBXFileReference; lastKnownFileType = text.plist.xml; path = Info.plist; sourceTree = "<group>"; };
		635AF3701F281F0B0080AE83 /* iNFCReaderTests.xctest */ = {isa = PBXFileReference; explicitFileType = wrapper.cfbundle; includeInIndex = 0; path = iNFCReaderTests.xctest; sourceTree = BUILT_PRODUCTS_DIR; };
		635AF3741F281F0B0080AE83 /* iNFCReaderTests.swift */ = {isa = PBXFileReference; lastKnownFileType = sourcecode.swift; path = iNFCReaderTests.swift; sourceTree = "<group>"; };
		635AF3761F281F0B0080AE83 /* Info.plist */ = {isa = PBXFileReference; lastKnownFileType = text.plist.xml; path = Info.plist; sourceTree = "<group>"; };
		635AF37B1F281F0B0080AE83 /* iNFCReaderUITests.xctest */ = {isa = PBXFileReference; explicitFileType = wrapper.cfbundle; includeInIndex = 0; path = iNFCReaderUITests.xctest; sourceTree = BUILT_PRODUCTS_DIR; };
		635AF37F1F281F0B0080AE83 /* iNFCReaderUITests.swift */ = {isa = PBXFileReference; lastKnownFileType = sourcecode.swift; path = iNFCReaderUITests.swift; sourceTree = "<group>"; };
		635AF3811F281F0B0080AE83 /* Info.plist */ = {isa = PBXFileReference; lastKnownFileType = text.plist.xml; path = Info.plist; sourceTree = "<group>"; };
		635AF38D1F28209A0080AE83 /* iNFCReader.entitlements */ = {isa = PBXFileReference; lastKnownFileType = text.plist.entitlements; path = iNFCReader.entitlements; sourceTree = "<group>"; };
		637162E91F282C0F008DB1BA /* IBCustomButton.swift */ = {isa = PBXFileReference; lastKnownFileType = sourcecode.swift; path = IBCustomButton.swift; sourceTree = "<group>"; };
		637162EB1F283891008DB1BA /* NFCReaderViewController.swift */ = {isa = PBXFileReference; lastKnownFileType = sourcecode.swift; path = NFCReaderViewController.swift; sourceTree = "<group>"; };
		637162F01F2839F5008DB1BA /* NFCData.swift */ = {isa = PBXFileReference; lastKnownFileType = sourcecode.swift; path = NFCData.swift; sourceTree = "<group>"; };
		63AEBB951F3823C100CE3044 /* CoreNFC.framework */ = {isa = PBXFileReference; lastKnownFileType = wrapper.framework; name = CoreNFC.framework; path = System/Library/Frameworks/CoreNFC.framework; sourceTree = SDKROOT; };
		63AEBB961F38240500CE3044 /* SceneKit.framework */ = {isa = PBXFileReference; lastKnownFileType = wrapper.framework; name = SceneKit.framework; path = System/Library/Frameworks/SceneKit.framework; sourceTree = SDKROOT; };
		63EFF06B1F2843040002C3A0 /* 1160_nfc_logo.eps */ = {isa = PBXFileReference; lastKnownFileType = file; name = 1160_nfc_logo.eps; path = ../../../../../../Downloads/1160_nfc_logo/1160_nfc_logo.eps; sourceTree = "<group>"; };
		63EFF06D1F2844E10002C3A0 /* NFC-logo-forum.jpg */ = {isa = PBXFileReference; lastKnownFileType = image.jpeg; name = "NFC-logo-forum.jpg"; path = "../../../../../../Downloads/NFC-logo-forum.jpg"; sourceTree = "<group>"; };
		63EFF06F1F285DA50002C3A0 /* define.swift */ = {isa = PBXFileReference; lastKnownFileType = sourcecode.swift; path = define.swift; sourceTree = "<group>"; };
		63EFF0711F2862D00002C3A0 /* BaseViewController.swift */ = {isa = PBXFileReference; lastKnownFileType = sourcecode.swift; path = BaseViewController.swift; sourceTree = "<group>"; };
		63EFF0731F28684B0002C3A0 /* ViewControllerHelper.swift */ = {isa = PBXFileReference; lastKnownFileType = sourcecode.swift; path = ViewControllerHelper.swift; sourceTree = "<group>"; };
/* End PBXFileReference section */

/* Begin PBXFrameworksBuildPhase section */
		635AF3591F281F0B0080AE83 /* Frameworks */ = {
			isa = PBXFrameworksBuildPhase;
			buildActionMask = 2147483647;
			files = (
			);
			runOnlyForDeploymentPostprocessing = 0;
		};
		635AF36D1F281F0B0080AE83 /* Frameworks */ = {
			isa = PBXFrameworksBuildPhase;
			buildActionMask = 2147483647;
			files = (
			);
			runOnlyForDeploymentPostprocessing = 0;
		};
		635AF3781F281F0B0080AE83 /* Frameworks */ = {
			isa = PBXFrameworksBuildPhase;
			buildActionMask = 2147483647;
			files = (
			);
			runOnlyForDeploymentPostprocessing = 0;
		};
/* End PBXFrameworksBuildPhase section */

/* Begin PBXGroup section */
		635AF3531F281F0B0080AE83 = {
			isa = PBXGroup;
			children = (
				635AF35E1F281F0B0080AE83 /* iNFCReader */,
				635AF3731F281F0B0080AE83 /* iNFCReaderTests */,
				635AF37E1F281F0B0080AE83 /* iNFCReaderUITests */,
				635AF35D1F281F0B0080AE83 /* Products */,
				63AEBB941F3823C100CE3044 /* Frameworks */,
			);
			sourceTree = "<group>";
		};
		635AF35D1F281F0B0080AE83 /* Products */ = {
			isa = PBXGroup;
			children = (
				635AF35C1F281F0B0080AE83 /* iNFCReader.app */,
				635AF3701F281F0B0080AE83 /* iNFCReaderTests.xctest */,
				635AF37B1F281F0B0080AE83 /* iNFCReaderUITests.xctest */,
			);
			name = Products;
			sourceTree = "<group>";
		};
		635AF35E1F281F0B0080AE83 /* iNFCReader */ = {
			isa = PBXGroup;
			children = (
				63EFF0751F2868520002C3A0 /* Common */,
				637162EF1F2839DC008DB1BA /* Data */,
				637162EE1F2839AF008DB1BA /* Views */,
				637162ED1F283972008DB1BA /* ViewControllers */,
				635AF38D1F28209A0080AE83 /* iNFCReader.entitlements */,
				635AF35F1F281F0B0080AE83 /* AppDelegate.swift */,
				635AF3631F281F0B0080AE83 /* Main.storyboard */,
				635AF3681F281F0B0080AE83 /* LaunchScreen.storyboard */,
				635AF36B1F281F0B0080AE83 /* Info.plist */,
				63EFF06A1F2842E50002C3A0 /* Resources */,
				635AF3661F281F0B0080AE83 /* Assets.xcassets */,
			);
			path = iNFCReader;
			sourceTree = "<group>";
		};
		635AF3731F281F0B0080AE83 /* iNFCReaderTests */ = {
			isa = PBXGroup;
			children = (
				635AF3741F281F0B0080AE83 /* iNFCReaderTests.swift */,
				635AF3761F281F0B0080AE83 /* Info.plist */,
			);
			path = iNFCReaderTests;
			sourceTree = "<group>";
		};
		635AF37E1F281F0B0080AE83 /* iNFCReaderUITests */ = {
			isa = PBXGroup;
			children = (
				635AF37F1F281F0B0080AE83 /* iNFCReaderUITests.swift */,
				635AF3811F281F0B0080AE83 /* Info.plist */,
			);
			path = iNFCReaderUITests;
			sourceTree = "<group>";
		};
		637162ED1F283972008DB1BA /* ViewControllers */ = {
			isa = PBXGroup;
			children = (
				63EFF0711F2862D00002C3A0 /* BaseViewController.swift */,
				635AF3611F281F0B0080AE83 /* MainViewController.swift */,
				637162EB1F283891008DB1BA /* NFCReaderViewController.swift */,
			);
			path = ViewControllers;
			sourceTree = "<group>";
		};
		637162EE1F2839AF008DB1BA /* Views */ = {
			isa = PBXGroup;
			children = (
				637162E91F282C0F008DB1BA /* IBCustomButton.swift */,
			);
			path = Views;
			sourceTree = "<group>";
		};
		637162EF1F2839DC008DB1BA /* Data */ = {
			isa = PBXGroup;
			children = (
				637162F01F2839F5008DB1BA /* NFCData.swift */,
			);
			path = Data;
			sourceTree = "<group>";
		};
		63AEBB941F3823C100CE3044 /* Frameworks */ = {
			isa = PBXGroup;
			children = (
				63AEBB961F38240500CE3044 /* SceneKit.framework */,
				63AEBB951F3823C100CE3044 /* CoreNFC.framework */,
			);
			name = Frameworks;
			sourceTree = "<group>";
		};
		63EFF06A1F2842E50002C3A0 /* Resources */ = {
			isa = PBXGroup;
			children = (
				63EFF06D1F2844E10002C3A0 /* NFC-logo-forum.jpg */,
				63EFF06B1F2843040002C3A0 /* 1160_nfc_logo.eps */,
			);
			path = Resources;
			sourceTree = "<group>";
		};
		63EFF0751F2868520002C3A0 /* Common */ = {
			isa = PBXGroup;
			children = (
				63EFF06F1F285DA50002C3A0 /* define.swift */,
				63EFF0731F28684B0002C3A0 /* ViewControllerHelper.swift */,
			);
			path = Common;
			sourceTree = "<group>";
		};
/* End PBXGroup section */

/* Begin PBXNativeTarget section */
		635AF35B1F281F0B0080AE83 /* iNFCReader */ = {
			isa = PBXNativeTarget;
			buildConfigurationList = 635AF3841F281F0B0080AE83 /* Build configuration list for PBXNativeTarget "iNFCReader" */;
			buildPhases = (
				635AF3581F281F0B0080AE83 /* Sources */,
				635AF3591F281F0B0080AE83 /* Frameworks */,
				635AF35A1F281F0B0080AE83 /* Resources */,
			);
			buildRules = (
			);
			dependencies = (
			);
			name = iNFCReader;
			productName = iNFCReader;
			productReference = 635AF35C1F281F0B0080AE83 /* iNFCReader.app */;
			productType = "com.apple.product-type.application";
		};
		635AF36F1F281F0B0080AE83 /* iNFCReaderTests */ = {
			isa = PBXNativeTarget;
			buildConfigurationList = 635AF3871F281F0B0080AE83 /* Build configuration list for PBXNativeTarget "iNFCReaderTests" */;
			buildPhases = (
				635AF36C1F281F0B0080AE83 /* Sources */,
				635AF36D1F281F0B0080AE83 /* Frameworks */,
				635AF36E1F281F0B0080AE83 /* Resources */,
			);
			buildRules = (
			);
			dependencies = (
				635AF3721F281F0B0080AE83 /* PBXTargetDependency */,
			);
			name = iNFCReaderTests;
			productName = iNFCReaderTests;
			productReference = 635AF3701F281F0B0080AE83 /* iNFCReaderTests.xctest */;
			productType = "com.apple.product-type.bundle.unit-test";
		};
		635AF37A1F281F0B0080AE83 /* iNFCReaderUITests */ = {
			isa = PBXNativeTarget;
			buildConfigurationList = 635AF38A1F281F0B0080AE83 /* Build configuration list for PBXNativeTarget "iNFCReaderUITests" */;
			buildPhases = (
				635AF3771F281F0B0080AE83 /* Sources */,
				635AF3781F281F0B0080AE83 /* Frameworks */,
				635AF3791F281F0B0080AE83 /* Resources */,
			);
			buildRules = (
			);
			dependencies = (
				635AF37D1F281F0B0080AE83 /* PBXTargetDependency */,
			);
			name = iNFCReaderUITests;
			productName = iNFCReaderUITests;
			productReference = 635AF37B1F281F0B0080AE83 /* iNFCReaderUITests.xctest */;
			productType = "com.apple.product-type.bundle.ui-testing";
		};
/* End PBXNativeTarget section */

/* Begin PBXProject section */
		635AF3541F281F0B0080AE83 /* Project object */ = {
			isa = PBXProject;
			attributes = {
				LastSwiftUpdateCheck = 0900;
				LastUpgradeCheck = 0900;
				ORGANIZATIONNAME = Yuki.S;
				TargetAttributes = {
					635AF35B1F281F0B0080AE83 = {
						CreatedOnToolsVersion = 9.0;
						SystemCapabilities = {
							com.apple.NearFieldCommunicationTagReading = {
								enabled = 1;
							};
						};
					};
					635AF36F1F281F0B0080AE83 = {
						CreatedOnToolsVersion = 9.0;
						TestTargetID = 635AF35B1F281F0B0080AE83;
					};
					635AF37A1F281F0B0080AE83 = {
						CreatedOnToolsVersion = 9.0;
						TestTargetID = 635AF35B1F281F0B0080AE83;
					};
				};
			};
			buildConfigurationList = 635AF3571F281F0B0080AE83 /* Build configuration list for PBXProject "iNFCReader" */;
			compatibilityVersion = "Xcode 8.0";
			developmentRegion = en;
			hasScannedForEncodings = 0;
			knownRegions = (
				en,
				Base,
			);
			mainGroup = 635AF3531F281F0B0080AE83;
			productRefGroup = 635AF35D1F281F0B0080AE83 /* Products */;
			projectDirPath = "";
			projectRoot = "";
			targets = (
				635AF35B1F281F0B0080AE83 /* iNFCReader */,
				635AF36F1F281F0B0080AE83 /* iNFCReaderTests */,
				635AF37A1F281F0B0080AE83 /* iNFCReaderUITests */,
			);
		};
/* End PBXProject section */

/* Begin PBXResourcesBuildPhase section */
		635AF35A1F281F0B0080AE83 /* Resources */ = {
			isa = PBXResourcesBuildPhase;
			buildActionMask = 2147483647;
			files = (
				635AF36A1F281F0B0080AE83 /* LaunchScreen.storyboard in Resources */,
				63EFF06E1F2844E10002C3A0 /* NFC-logo-forum.jpg in Resources */,
				635AF3671F281F0B0080AE83 /* Assets.xcassets in Resources */,
				635AF3651F281F0B0080AE83 /* Main.storyboard in Resources */,
			);
			runOnlyForDeploymentPostprocessing = 0;
		};
		635AF36E1F281F0B0080AE83 /* Resources */ = {
			isa = PBXResourcesBuildPhase;
			buildActionMask = 2147483647;
			files = (
			);
			runOnlyForDeploymentPostprocessing = 0;
		};
		635AF3791F281F0B0080AE83 /* Resources */ = {
			isa = PBXResourcesBuildPhase;
			buildActionMask = 2147483647;
			files = (
			);
			runOnlyForDeploymentPostprocessing = 0;
		};
/* End PBXResourcesBuildPhase section */

/* Begin PBXSourcesBuildPhase section */
		635AF3581F281F0B0080AE83 /* Sources */ = {
			isa = PBXSourcesBuildPhase;
			buildActionMask = 2147483647;
			files = (
				635AF3621F281F0B0080AE83 /* MainViewController.swift in Sources */,
				637162EC1F283891008DB1BA /* NFCReaderViewController.swift in Sources */,
				63EFF0701F285DA50002C3A0 /* define.swift in Sources */,
				635AF3601F281F0B0080AE83 /* AppDelegate.swift in Sources */,
				63EFF0741F28684C0002C3A0 /* ViewControllerHelper.swift in Sources */,
				637162EA1F282C0F008DB1BA /* IBCustomButton.swift in Sources */,
				63EFF0721F2862D00002C3A0 /* BaseViewController.swift in Sources */,
				637162F11F2839F5008DB1BA /* NFCData.swift in Sources */,
			);
			runOnlyForDeploymentPostprocessing = 0;
		};
		635AF36C1F281F0B0080AE83 /* Sources */ = {
			isa = PBXSourcesBuildPhase;
			buildActionMask = 2147483647;
			files = (
				635AF3751F281F0B0080AE83 /* iNFCReaderTests.swift in Sources */,
			);
			runOnlyForDeploymentPostprocessing = 0;
		};
		635AF3771F281F0B0080AE83 /* Sources */ = {
			isa = PBXSourcesBuildPhase;
			buildActionMask = 2147483647;
			files = (
				635AF3801F281F0B0080AE83 /* iNFCReaderUITests.swift in Sources */,
			);
			runOnlyForDeploymentPostprocessing = 0;
		};
/* End PBXSourcesBuildPhase section */

/* Begin PBXTargetDependency section */
		635AF3721F281F0B0080AE83 /* PBXTargetDependency */ = {
			isa = PBXTargetDependency;
			target = 635AF35B1F281F0B0080AE83 /* iNFCReader */;
			targetProxy = 635AF3711F281F0B0080AE83 /* PBXContainerItemProxy */;
		};
		635AF37D1F281F0B0080AE83 /* PBXTargetDependency */ = {
			isa = PBXTargetDependency;
			target = 635AF35B1F281F0B0080AE83 /* iNFCReader */;
			targetProxy = 635AF37C1F281F0B0080AE83 /* PBXContainerItemProxy */;
		};
/* End PBXTargetDependency section */

/* Begin PBXVariantGroup section */
		635AF3631F281F0B0080AE83 /* Main.storyboard */ = {
			isa = PBXVariantGroup;
			children = (
				635AF3641F281F0B0080AE83 /* Base */,
			);
			name = Main.storyboard;
			sourceTree = "<group>";
		};
		635AF3681F281F0B0080AE83 /* LaunchScreen.storyboard */ = {
			isa = PBXVariantGroup;
			children = (
				635AF3691F281F0B0080AE83 /* Base */,
			);
			name = LaunchScreen.storyboard;
			sourceTree = "<group>";
		};
/* End PBXVariantGroup section */

/* Begin XCBuildConfiguration section */
		635AF3821F281F0B0080AE83 /* Debug */ = {
			isa = XCBuildConfiguration;
			buildSettings = {
				ALWAYS_SEARCH_USER_PATHS = NO;
				CLANG_ANALYZER_NONNULL = YES;
				CLANG_ANALYZER_NUMBER_OBJECT_CONVERSION = YES_AGGRESSIVE;
				CLANG_CXX_LANGUAGE_STANDARD = "gnu++14";
				CLANG_CXX_LIBRARY = "libc++";
				CLANG_ENABLE_MODULES = YES;
				CLANG_ENABLE_OBJC_ARC = YES;
				CLANG_WARN_BLOCK_CAPTURE_AUTORELEASING = YES;
				CLANG_WARN_BOOL_CONVERSION = YES;
				CLANG_WARN_COMMA = YES;
				CLANG_WARN_CONSTANT_CONVERSION = YES;
				CLANG_WARN_DIRECT_OBJC_ISA_USAGE = YES_ERROR;
				CLANG_WARN_DOCUMENTATION_COMMENTS = YES;
				CLANG_WARN_EMPTY_BODY = YES;
				CLANG_WARN_ENUM_CONVERSION = YES;
				CLANG_WARN_INFINITE_RECURSION = YES;
				CLANG_WARN_INT_CONVERSION = YES;
				CLANG_WARN_NON_LITERAL_NULL_CONVERSION = YES;
				CLANG_WARN_OBJC_LITERAL_CONVERSION = YES;
				CLANG_WARN_OBJC_ROOT_CLASS = YES_ERROR;
				CLANG_WARN_RANGE_LOOP_ANALYSIS = YES;
				CLANG_WARN_STRICT_PROTOTYPES = YES;
				CLANG_WARN_SUSPICIOUS_MOVE = YES;
				CLANG_WARN_UNGUARDED_AVAILABILITY = YES_AGGRESSIVE;
				CLANG_WARN_UNREACHABLE_CODE = YES;
				CLANG_WARN__DUPLICATE_METHOD_MATCH = YES;
				CODE_SIGN_IDENTITY = "iPhone Developer";
				COPY_PHASE_STRIP = NO;
				DEBUG_INFORMATION_FORMAT = dwarf;
				ENABLE_STRICT_OBJC_MSGSEND = YES;
				ENABLE_TESTABILITY = YES;
				GCC_C_LANGUAGE_STANDARD = gnu11;
				GCC_DYNAMIC_NO_PIC = NO;
				GCC_NO_COMMON_BLOCKS = YES;
				GCC_OPTIMIZATION_LEVEL = 0;
				GCC_PREPROCESSOR_DEFINITIONS = (
					"DEBUG=1",
					"$(inherited)",
				);
				GCC_WARN_64_TO_32_BIT_CONVERSION = YES;
				GCC_WARN_ABOUT_RETURN_TYPE = YES_ERROR;
				GCC_WARN_UNDECLARED_SELECTOR = YES;
				GCC_WARN_UNINITIALIZED_AUTOS = YES_AGGRESSIVE;
				GCC_WARN_UNUSED_FUNCTION = YES;
				GCC_WARN_UNUSED_VARIABLE = YES;
				IPHONEOS_DEPLOYMENT_TARGET = 11.0;
				MTL_ENABLE_DEBUG_INFO = YES;
				ONLY_ACTIVE_ARCH = YES;
				SDKROOT = iphoneos;
				SWIFT_ACTIVE_COMPILATION_CONDITIONS = DEBUG;
				SWIFT_OPTIMIZATION_LEVEL = "-Onone";
			};
			name = Debug;
		};
		635AF3831F281F0B0080AE83 /* Release */ = {
			isa = XCBuildConfiguration;
			buildSettings = {
				ALWAYS_SEARCH_USER_PATHS = NO;
				CLANG_ANALYZER_NONNULL = YES;
				CLANG_ANALYZER_NUMBER_OBJECT_CONVERSION = YES_AGGRESSIVE;
				CLANG_CXX_LANGUAGE_STANDARD = "gnu++14";
				CLANG_CXX_LIBRARY = "libc++";
				CLANG_ENABLE_MODULES = YES;
				CLANG_ENABLE_OBJC_ARC = YES;
				CLANG_WARN_BLOCK_CAPTURE_AUTORELEASING = YES;
				CLANG_WARN_BOOL_CONVERSION = YES;
				CLANG_WARN_COMMA = YES;
				CLANG_WARN_CONSTANT_CONVERSION = YES;
				CLANG_WARN_DIRECT_OBJC_ISA_USAGE = YES_ERROR;
				CLANG_WARN_DOCUMENTATION_COMMENTS = YES;
				CLANG_WARN_EMPTY_BODY = YES;
				CLANG_WARN_ENUM_CONVERSION = YES;
				CLANG_WARN_INFINITE_RECURSION = YES;
				CLANG_WARN_INT_CONVERSION = YES;
				CLANG_WARN_NON_LITERAL_NULL_CONVERSION = YES;
				CLANG_WARN_OBJC_LITERAL_CONVERSION = YES;
				CLANG_WARN_OBJC_ROOT_CLASS = YES_ERROR;
				CLANG_WARN_RANGE_LOOP_ANALYSIS = YES;
				CLANG_WARN_STRICT_PROTOTYPES = YES;
				CLANG_WARN_SUSPICIOUS_MOVE = YES;
				CLANG_WARN_UNGUARDED_AVAILABILITY = YES_AGGRESSIVE;
				CLANG_WARN_UNREACHABLE_CODE = YES;
				CLANG_WARN__DUPLICATE_METHOD_MATCH = YES;
				CODE_SIGN_IDENTITY = "iPhone Developer";
				COPY_PHASE_STRIP = NO;
				DEBUG_INFORMATION_FORMAT = "dwarf-with-dsym";
				ENABLE_NS_ASSERTIONS = NO;
				ENABLE_STRICT_OBJC_MSGSEND = YES;
				GCC_C_LANGUAGE_STANDARD = gnu11;
				GCC_NO_COMMON_BLOCKS = YES;
				GCC_WARN_64_TO_32_BIT_CONVERSION = YES;
				GCC_WARN_ABOUT_RETURN_TYPE = YES_ERROR;
				GCC_WARN_UNDECLARED_SELECTOR = YES;
				GCC_WARN_UNINITIALIZED_AUTOS = YES_AGGRESSIVE;
				GCC_WARN_UNUSED_FUNCTION = YES;
				GCC_WARN_UNUSED_VARIABLE = YES;
				IPHONEOS_DEPLOYMENT_TARGET = 11.0;
				MTL_ENABLE_DEBUG_INFO = NO;
				SDKROOT = iphoneos;
				SWIFT_OPTIMIZATION_LEVEL = "-Owholemodule";
				VALIDATE_PRODUCT = YES;
			};
			name = Release;
		};
		635AF3851F281F0B0080AE83 /* Debug */ = {
			isa = XCBuildConfiguration;
			buildSettings = {
				ASSETCATALOG_COMPILER_APPICON_NAME = AppIcon;
				CODE_SIGN_ENTITLEMENTS = iNFCReader/iNFCReader.entitlements;
				DEVELOPMENT_TEAM = "";
				INFOPLIST_FILE = iNFCReader/Info.plist;
				IPHONEOS_DEPLOYMENT_TARGET = 9.0;
				LD_RUNPATH_SEARCH_PATHS = "$(inherited) @executable_path/Frameworks";
				PRODUCT_BUNDLE_IDENTIFIER = jp.co.xxxx.iNFCReader;
				PRODUCT_NAME = "$(TARGET_NAME)";
				SWIFT_VERSION = 4.0;
				TARGETED_DEVICE_FAMILY = "1,2";
			};
			name = Debug;
		};
		635AF3861F281F0B0080AE83 /* Release */ = {
			isa = XCBuildConfiguration;
			buildSettings = {
				ASSETCATALOG_COMPILER_APPICON_NAME = AppIcon;
				CODE_SIGN_ENTITLEMENTS = iNFCReader/iNFCReader.entitlements;
				DEVELOPMENT_TEAM = "";
				INFOPLIST_FILE = iNFCReader/Info.plist;
				IPHONEOS_DEPLOYMENT_TARGET = 9.0;
				LD_RUNPATH_SEARCH_PATHS = "$(inherited) @executable_path/Frameworks";
				PRODUCT_BUNDLE_IDENTIFIER = jp.co.xxxx.iNFCReader;
				PRODUCT_NAME = "$(TARGET_NAME)";
				SWIFT_VERSION = 4.0;
				TARGETED_DEVICE_FAMILY = "1,2";
			};
			name = Release;
		};
		635AF3881F281F0B0080AE83 /* Debug */ = {
			isa = XCBuildConfiguration;
			buildSettings = {
				ALWAYS_EMBED_SWIFT_STANDARD_LIBRARIES = YES;
				BUNDLE_LOADER = "$(TEST_HOST)";
				DEVELOPMENT_TEAM = 56M2NUXPP2;
				INFOPLIST_FILE = iNFCReaderTests/Info.plist;
				LD_RUNPATH_SEARCH_PATHS = "$(inherited) @executable_path/Frameworks @loader_path/Frameworks";
				PRODUCT_BUNDLE_IDENTIFIER = jp.co.fxat.iNFCReaderTests;
				PRODUCT_NAME = "$(TARGET_NAME)";
				SWIFT_VERSION = 4.0;
				TARGETED_DEVICE_FAMILY = "1,2";
				TEST_HOST = "$(BUILT_PRODUCTS_DIR)/iNFCReader.app/iNFCReader";
			};
			name = Debug;
		};
		635AF3891F281F0B0080AE83 /* Release */ = {
			isa = XCBuildConfiguration;
			buildSettings = {
				ALWAYS_EMBED_SWIFT_STANDARD_LIBRARIES = YES;
				BUNDLE_LOADER = "$(TEST_HOST)";
				DEVELOPMENT_TEAM = 56M2NUXPP2;
				INFOPLIST_FILE = iNFCReaderTests/Info.plist;
				LD_RUNPATH_SEARCH_PATHS = "$(inherited) @executable_path/Frameworks @loader_path/Frameworks";
				PRODUCT_BUNDLE_IDENTIFIER = jp.co.fxat.iNFCReaderTests;
				PRODUCT_NAME = "$(TARGET_NAME)";
				SWIFT_VERSION = 4.0;
				TARGETED_DEVICE_FAMILY = "1,2";
				TEST_HOST = "$(BUILT_PRODUCTS_DIR)/iNFCReader.app/iNFCReader";
			};
			name = Release;
		};
		635AF38B1F281F0B0080AE83 /* Debug */ = {
			isa = XCBuildConfiguration;
			buildSettings = {
				ALWAYS_EMBED_SWIFT_STANDARD_LIBRARIES = YES;
				DEVELOPMENT_TEAM = 56M2NUXPP2;
				INFOPLIST_FILE = iNFCReaderUITests/Info.plist;
				LD_RUNPATH_SEARCH_PATHS = "$(inherited) @executable_path/Frameworks @loader_path/Frameworks";
				PRODUCT_BUNDLE_IDENTIFIER = jp.co.fxat.iNFCReaderUITests;
				PRODUCT_NAME = "$(TARGET_NAME)";
				SWIFT_VERSION = 4.0;
				TARGETED_DEVICE_FAMILY = "1,2";
				TEST_TARGET_NAME = iNFCReader;
			};
			name = Debug;
		};
		635AF38C1F281F0B0080AE83 /* Release */ = {
			isa = XCBuildConfiguration;
			buildSettings = {
				ALWAYS_EMBED_SWIFT_STANDARD_LIBRARIES = YES;
				DEVELOPMENT_TEAM = 56M2NUXPP2;
				INFOPLIST_FILE = iNFCReaderUITests/Info.plist;
				LD_RUNPATH_SEARCH_PATHS = "$(inherited) @executable_path/Frameworks @loader_path/Frameworks";
				PRODUCT_BUNDLE_IDENTIFIER = jp.co.fxat.iNFCReaderUITests;
				PRODUCT_NAME = "$(TARGET_NAME)";
				SWIFT_VERSION = 4.0;
				TARGETED_DEVICE_FAMILY = "1,2";
				TEST_TARGET_NAME = iNFCReader;
			};
			name = Release;
		};
/* End XCBuildConfiguration section */

/* Begin XCConfigurationList section */
		635AF3571F281F0B0080AE83 /* Build configuration list for PBXProject "iNFCReader" */ = {
			isa = XCConfigurationList;
			buildConfigurations = (
				635AF3821F281F0B0080AE83 /* Debug */,
				635AF3831F281F0B0080AE83 /* Release */,
			);
			defaultConfigurationIsVisible = 0;
			defaultConfigurationName = Release;
		};
		635AF3841F281F0B0080AE83 /* Build configuration list for PBXNativeTarget "iNFCReader" */ = {
			isa = XCConfigurationList;
			buildConfigurations = (
				635AF3851F281F0B0080AE83 /* Debug */,
				635AF3861F281F0B0080AE83 /* Release */,
			);
			defaultConfigurationIsVisible = 0;
			defaultConfigurationName = Release;
		};
		635AF3871F281F0B0080AE83 /* Build configuration list for PBXNativeTarget "iNFCReaderTests" */ = {
			isa = XCConfigurationList;
			buildConfigurations = (
				635AF3881F281F0B0080AE83 /* Debug */,
				635AF3891F281F0B0080AE83 /* Release */,
			);
			defaultConfigurationIsVisible = 0;
			defaultConfigurationName = Release;
		};
		635AF38A1F281F0B0080AE83 /* Build configuration list for PBXNativeTarget "iNFCReaderUITests" */ = {
			isa = XCConfigurationList;
			buildConfigurations = (
				635AF38B1F281F0B0080AE83 /* Debug */,
				635AF38C1F281F0B0080AE83 /* Release */,
			);
			defaultConfigurationIsVisible = 0;
			defaultConfigurationName = Release;
		};
/* End XCConfigurationList section */
	};
	rootObject = 635AF3541F281F0B0080AE83 /* Project object */;
}
